
Microsoft Visual Studio Solution File, Format Version 12.00
# Visual Studio Version 16
VisualStudioVersion = 16.0.31424.327
MinimumVisualStudioVersion = 10.0.40219.1
Project("{9A19103F-16F7-4668-BE54-9A1E7A4F7556}") = "ECCUSBET Web", "ECCUSBET Web\ECCUSBET Web.csproj", "{A34CD807-B122-4FBF-B0E8-2963A222BD91}"
EndProject
Project("{FAE04EC0-301F-11D3-BF4B-00C04F79EFBC}") = "API", "API\API.csproj", "{ADD9B254-1C27-4673-BF6F-D5801C5CCC2A}"
EndProject
Global
	GlobalSection(SolutionConfigurationPlatforms) = preSolution
		Debug|Any CPU = Debug|Any CPU
		Release|Any CPU = Release|Any CPU
	EndGlobalSection
	GlobalSection(ProjectConfigurationPlatforms) = postSolution
		{A34CD807-B122-4FBF-B0E8-2963A222BD91}.Debug|Any CPU.ActiveCfg = Debug|Any CPU
		{A34CD807-B122-4FBF-B0E8-2963A222BD91}.Debug|Any CPU.Build.0 = Debug|Any CPU
		{A34CD807-B122-4FBF-B0E8-2963A222BD91}.Release|Any CPU.ActiveCfg = Release|Any CPU
		{A34CD807-B122-4FBF-B0E8-2963A222BD91}.Release|Any CPU.Build.0 = Release|Any CPU
		{ADD9B254-1C27-4673-BF6F-D5801C5CCC2A}.Debug|Any CPU.ActiveCfg = Debug|Any CPU
		{ADD9B254-1C27-4673-BF6F-D5801C5CCC2A}.Debug|Any CPU.Build.0 = Debug|Any CPU
		{ADD9B254-1C27-4673-BF6F-D5801C5CCC2A}.Release|Any CPU.ActiveCfg = Release|Any CPU
		{ADD9B254-1C27-4673-BF6F-D5801C5CCC2A}.Release|Any CPU.Build.0 = Release|Any CPU
	EndGlobalSection
	GlobalSection(SolutionProperties) = preSolution
		HideSolutionNode = FALSE
	EndGlobalSection
	GlobalSection(ExtensibilityGlobals) = postSolution
		SolutionGuid = {0FFE349B-A211-4ABC-83C9-657FB64C5EFC}
	EndGlobalSection
EndGlobal
